// !$*UTF8*$!
{
	archiveVersion = 1;
	classes = {
	};
	objectVersion = 50;
	objects = {

/* Begin PBXBuildFile section */
		3DDBBD4C2174CB3300796D05 /* AppDelegate.swift in Sources */ = {isa = PBXBuildFile; fileRef = 3DDBBD4B2174CB3300796D05 /* AppDelegate.swift */; };
		3DDBBD512174CB3300796D05 /* Main.storyboard in Resources */ = {isa = PBXBuildFile; fileRef = 3DDBBD4F2174CB3300796D05 /* Main.storyboard */; };
		3DDBBD532174CB3600796D05 /* Assets.xcassets in Resources */ = {isa = PBXBuildFile; fileRef = 3DDBBD522174CB3600796D05 /* Assets.xcassets */; };
		3DDBBD562174CB3600796D05 /* LaunchScreen.storyboard in Resources */ = {isa = PBXBuildFile; fileRef = 3DDBBD542174CB3600796D05 /* LaunchScreen.storyboard */; };
		3DDBBD682174D40E00796D05 /* MoviesTableViewController.swift in Sources */ = {isa = PBXBuildFile; fileRef = 3DDBBD672174D40E00796D05 /* MoviesTableViewController.swift */; };
		3DDBBD6A2174E1A100796D05 /* Network.swift in Sources */ = {isa = PBXBuildFile; fileRef = 3DDBBD692174E1A100796D05 /* Network.swift */; };
		3DDBBD6C2174E86F00796D05 /* Movie.swift in Sources */ = {isa = PBXBuildFile; fileRef = 3DDBBD6B2174E86F00796D05 /* Movie.swift */; };
		3DDBBD6E21750F1000796D05 /* MovieCell.swift in Sources */ = {isa = PBXBuildFile; fileRef = 3DDBBD6D21750F1000796D05 /* MovieCell.swift */; };
/* End PBXBuildFile section */

/* Begin PBXFileReference section */
		3DDBBD482174CB3300796D05 /* imdbTestTask.app */ = {isa = PBXFileReference; explicitFileType = wrapper.application; includeInIndex = 0; path = imdbTestTask.app; sourceTree = BUILT_PRODUCTS_DIR; };
		3DDBBD4B2174CB3300796D05 /* AppDelegate.swift */ = {isa = PBXFileReference; lastKnownFileType = sourcecode.swift; path = AppDelegate.swift; sourceTree = "<group>"; };
		3DDBBD502174CB3300796D05 /* Base */ = {isa = PBXFileReference; lastKnownFileType = file.storyboard; name = Base; path = Base.lproj/Main.storyboard; sourceTree = "<group>"; };
		3DDBBD522174CB3600796D05 /* Assets.xcassets */ = {isa = PBXFileReference; lastKnownFileType = folder.assetcatalog; path = Assets.xcassets; sourceTree = "<group>"; };
		3DDBBD552174CB3600796D05 /* Base */ = {isa = PBXFileReference; lastKnownFileType = file.storyboard; name = Base; path = Base.lproj/LaunchScreen.storyboard; sourceTree = "<group>"; };
		3DDBBD572174CB3600796D05 /* Info.plist */ = {isa = PBXFileReference; lastKnownFileType = text.plist.xml; path = Info.plist; sourceTree = "<group>"; };
		3DDBBD672174D40E00796D05 /* MoviesTableViewController.swift */ = {isa = PBXFileReference; lastKnownFileType = sourcecode.swift; path = MoviesTableViewController.swift; sourceTree = "<group>"; };
		3DDBBD692174E1A100796D05 /* Network.swift */ = {isa = PBXFileReference; lastKnownFileType = sourcecode.swift; path = Network.swift; sourceTree = "<group>"; };
		3DDBBD6B2174E86F00796D05 /* Movie.swift */ = {isa = PBXFileReference; lastKnownFileType = sourcecode.swift; path = Movie.swift; sourceTree = "<group>"; };
		3DDBBD6D21750F1000796D05 /* MovieCell.swift */ = {isa = PBXFileReference; lastKnownFileType = sourcecode.swift; path = MovieCell.swift; sourceTree = "<group>"; };
/* End PBXFileReference section */

/* Begin PBXFrameworksBuildPhase section */
		3DDBBD452174CB3300796D05 /* Frameworks */ = {
			isa = PBXFrameworksBuildPhase;
			buildActionMask = 2147483647;
			files = (
			);
			runOnlyForDeploymentPostprocessing = 0;
		};
/* End PBXFrameworksBuildPhase section */

/* Begin PBXGroup section */
		3DDBBD3F2174CB3300796D05 = {
			isa = PBXGroup;
			children = (
				3DDBBD4A2174CB3300796D05 /* imdbTestTask */,
				3DDBBD492174CB3300796D05 /* Products */,
			);
			sourceTree = "<group>";
		};
		3DDBBD492174CB3300796D05 /* Products */ = {
			isa = PBXGroup;
			children = (
				3DDBBD482174CB3300796D05 /* imdbTestTask.app */,
			);
			name = Products;
			sourceTree = "<group>";
		};
		3DDBBD4A2174CB3300796D05 /* imdbTestTask */ = {
			isa = PBXGroup;
			children = (
				3DDBBD662174CD0F00796D05 /* Support files */,
				3DDBBD632174CCC900796D05 /* View */,
				3DDBBD602174CCC000796D05 /* Controller */,
				3DDBBD5D2174CCB900796D05 /* Model */,
			);
			path = imdbTestTask;
			sourceTree = "<group>";
		};
		3DDBBD5D2174CCB900796D05 /* Model */ = {
			isa = PBXGroup;
			children = (
				3DDBBD5E2174CCB900796D05 /* Movies */,
				3DDBBD5F2174CCB900796D05 /* MovieDetail */,
			);
			path = Model;
			sourceTree = "<group>";
		};
		3DDBBD5E2174CCB900796D05 /* Movies */ = {
			isa = PBXGroup;
			children = (
				3DDBBD6B2174E86F00796D05 /* Movie.swift */,
			);
			path = Movies;
			sourceTree = "<group>";
		};
		3DDBBD5F2174CCB900796D05 /* MovieDetail */ = {
			isa = PBXGroup;
			children = (
			);
			path = MovieDetail;
			sourceTree = "<group>";
		};
		3DDBBD602174CCC000796D05 /* Controller */ = {
			isa = PBXGroup;
			children = (
				3DDBBD612174CCC000796D05 /* Movies */,
				3DDBBD622174CCC000796D05 /* MovieDetail */,
			);
			path = Controller;
			sourceTree = "<group>";
		};
		3DDBBD612174CCC000796D05 /* Movies */ = {
			isa = PBXGroup;
			children = (
				3DDBBD672174D40E00796D05 /* MoviesTableViewController.swift */,
			);
			path = Movies;
			sourceTree = "<group>";
		};
		3DDBBD622174CCC000796D05 /* MovieDetail */ = {
			isa = PBXGroup;
			children = (
			);
			path = MovieDetail;
			sourceTree = "<group>";
		};
		3DDBBD632174CCC900796D05 /* View */ = {
			isa = PBXGroup;
			children = (
				3DDBBD642174CCC900796D05 /* Movies */,
				3DDBBD652174CCC900796D05 /* MovieDetail */,
			);
			path = View;
			sourceTree = "<group>";
		};
		3DDBBD642174CCC900796D05 /* Movies */ = {
			isa = PBXGroup;
			children = (
				3DDBBD6D21750F1000796D05 /* MovieCell.swift */,
			);
			path = Movies;
			sourceTree = "<group>";
		};
		3DDBBD652174CCC900796D05 /* MovieDetail */ = {
			isa = PBXGroup;
			children = (
			);
			path = MovieDetail;
			sourceTree = "<group>";
		};
		3DDBBD662174CD0F00796D05 /* Support files */ = {
			isa = PBXGroup;
			children = (
				3DDBBD4B2174CB3300796D05 /* AppDelegate.swift */,
				3DDBBD4F2174CB3300796D05 /* Main.storyboard */,
				3DDBBD522174CB3600796D05 /* Assets.xcassets */,
				3DDBBD542174CB3600796D05 /* LaunchScreen.storyboard */,
				3DDBBD572174CB3600796D05 /* Info.plist */,
				3DDBBD692174E1A100796D05 /* Network.swift */,
			);
			path = "Support files";
			sourceTree = "<group>";
		};
/* End PBXGroup section */

/* Begin PBXNativeTarget section */
		3DDBBD472174CB3300796D05 /* imdbTestTask */ = {
			isa = PBXNativeTarget;
			buildConfigurationList = 3DDBBD5A2174CB3600796D05 /* Build configuration list for PBXNativeTarget "imdbTestTask" */;
			buildPhases = (
				3DDBBD442174CB3300796D05 /* Sources */,
				3DDBBD452174CB3300796D05 /* Frameworks */,
				3DDBBD462174CB3300796D05 /* Resources */,
			);
			buildRules = (
			);
			dependencies = (
			);
			name = imdbTestTask;
			productName = imdbTestTask;
			productReference = 3DDBBD482174CB3300796D05 /* imdbTestTask.app */;
			productType = "com.apple.product-type.application";
		};
/* End PBXNativeTarget section */

/* Begin PBXProject section */
		3DDBBD402174CB3300796D05 /* Project object */ = {
			isa = PBXProject;
			attributes = {
				LastSwiftUpdateCheck = 0930;
				LastUpgradeCheck = 0930;
				ORGANIZATIONNAME = "Nikita Kechinov";
				TargetAttributes = {
					3DDBBD472174CB3300796D05 = {
						CreatedOnToolsVersion = 9.3;
					};
				};
			};
			buildConfigurationList = 3DDBBD432174CB3300796D05 /* Build configuration list for PBXProject "imdbTestTask" */;
			compatibilityVersion = "Xcode 9.3";
			developmentRegion = en;
			hasScannedForEncodings = 0;
			knownRegions = (
				en,
				Base,
			);
			mainGroup = 3DDBBD3F2174CB3300796D05;
			productRefGroup = 3DDBBD492174CB3300796D05 /* Products */;
			projectDirPath = "";
			projectRoot = "";
			targets = (
				3DDBBD472174CB3300796D05 /* imdbTestTask */,
			);
		};
/* End PBXProject section */

/* Begin PBXResourcesBuildPhase section */
		3DDBBD462174CB3300796D05 /* Resources */ = {
			isa = PBXResourcesBuildPhase;
			buildActionMask = 2147483647;
			files = (
				3DDBBD562174CB3600796D05 /* LaunchScreen.storyboard in Resources */,
				3DDBBD532174CB3600796D05 /* Assets.xcassets in Resources */,
				3DDBBD512174CB3300796D05 /* Main.storyboard in Resources */,
			);
			runOnlyForDeploymentPostprocessing = 0;
		};
/* End PBXResourcesBuildPhase section */

/* Begin PBXSourcesBuildPhase section */
		3DDBBD442174CB3300796D05 /* Sources */ = {
			isa = PBXSourcesBuildPhase;
			buildActionMask = 2147483647;
			files = (
				3DDBBD682174D40E00796D05 /* MoviesTableViewController.swift in Sources */,
				3DDBBD4C2174CB3300796D05 /* AppDelegate.swift in Sources */,
				3DDBBD6C2174E86F00796D05 /* Movie.swift in Sources */,
				3DDBBD6E21750F1000796D05 /* MovieCell.swift in Sources */,
				3DDBBD6A2174E1A100796D05 /* Network.swift in Sources */,
			);
			runOnlyForDeploymentPostprocessing = 0;
		};
/* End PBXSourcesBuildPhase section */

/* Begin PBXVariantGroup section */
		3DDBBD4F2174CB3300796D05 /* Main.storyboard */ = {
			isa = PBXVariantGroup;
			children = (
				3DDBBD502174CB3300796D05 /* Base */,
			);
			name = Main.storyboard;
			sourceTree = "<group>";
		};
		3DDBBD542174CB3600796D05 /* LaunchScreen.storyboard */ = {
			isa = PBXVariantGroup;
			children = (
				3DDBBD552174CB3600796D05 /* Base */,
			);
			name = LaunchScreen.storyboard;
			sourceTree = "<group>";
		};
/* End PBXVariantGroup section */

/* Begin XCBuildConfiguration section */
		3DDBBD582174CB3600796D05 /* Debug */ = {
			isa = XCBuildConfiguration;
			buildSettings = {
				ALWAYS_SEARCH_USER_PATHS = NO;
				CLANG_ANALYZER_NONNULL = YES;
				CLANG_ANALYZER_NUMBER_OBJECT_CONVERSION = YES_AGGRESSIVE;
				CLANG_CXX_LANGUAGE_STANDARD = "gnu++14";
				CLANG_CXX_LIBRARY = "libc++";
				CLANG_ENABLE_MODULES = YES;
				CLANG_ENABLE_OBJC_ARC = YES;
				CLANG_ENABLE_OBJC_WEAK = YES;
				CLANG_WARN_BLOCK_CAPTURE_AUTORELEASING = YES;
				CLANG_WARN_BOOL_CONVERSION = YES;
				CLANG_WARN_COMMA = YES;
				CLANG_WARN_CONSTANT_CONVERSION = YES;
				CLANG_WARN_DEPRECATED_OBJC_IMPLEMENTATIONS = YES;
				CLANG_WARN_DIRECT_OBJC_ISA_USAGE = YES_ERROR;
				CLANG_WARN_DOCUMENTATION_COMMENTS = YES;
				CLANG_WARN_EMPTY_BODY = YES;
				CLANG_WARN_ENUM_CONVERSION = YES;
				CLANG_WARN_INFINITE_RECURSION = YES;
				CLANG_WARN_INT_CONVERSION = YES;
				CLANG_WARN_NON_LITERAL_NULL_CONVERSION = YES;
				CLANG_WARN_OBJC_IMPLICIT_RETAIN_SELF = YES;
				CLANG_WARN_OBJC_LITERAL_CONVERSION = YES;
				CLANG_WARN_OBJC_ROOT_CLASS = YES_ERROR;
				CLANG_WARN_RANGE_LOOP_ANALYSIS = YES;
				CLANG_WARN_STRICT_PROTOTYPES = YES;
				CLANG_WARN_SUSPICIOUS_MOVE = YES;
				CLANG_WARN_UNGUARDED_AVAILABILITY = YES_AGGRESSIVE;
				CLANG_WARN_UNREACHABLE_CODE = YES;
				CLANG_WARN__DUPLICATE_METHOD_MATCH = YES;
				CODE_SIGN_IDENTITY = "iPhone Developer";
				COPY_PHASE_STRIP = NO;
				DEBUG_INFORMATION_FORMAT = dwarf;
				ENABLE_STRICT_OBJC_MSGSEND = YES;
				ENABLE_TESTABILITY = YES;
				GCC_C_LANGUAGE_STANDARD = gnu11;
				GCC_DYNAMIC_NO_PIC = NO;
				GCC_NO_COMMON_BLOCKS = YES;
				GCC_OPTIMIZATION_LEVEL = 0;
				GCC_PREPROCESSOR_DEFINITIONS = (
					"DEBUG=1",
					"$(inherited)",
				);
				GCC_WARN_64_TO_32_BIT_CONVERSION = YES;
				GCC_WARN_ABOUT_RETURN_TYPE = YES_ERROR;
				GCC_WARN_UNDECLARED_SELECTOR = YES;
				GCC_WARN_UNINITIALIZED_AUTOS = YES_AGGRESSIVE;
				GCC_WARN_UNUSED_FUNCTION = YES;
				GCC_WARN_UNUSED_VARIABLE = YES;
				IPHONEOS_DEPLOYMENT_TARGET = 11.3;
				MTL_ENABLE_DEBUG_INFO = YES;
				ONLY_ACTIVE_ARCH = YES;
				SDKROOT = iphoneos;
				SWIFT_ACTIVE_COMPILATION_CONDITIONS = DEBUG;
				SWIFT_OPTIMIZATION_LEVEL = "-Onone";
			};
			name = Debug;
		};
		3DDBBD592174CB3600796D05 /* Release */ = {
			isa = XCBuildConfiguration;
			buildSettings = {
				ALWAYS_SEARCH_USER_PATHS = NO;
				CLANG_ANALYZER_NONNULL = YES;
				CLANG_ANALYZER_NUMBER_OBJECT_CONVERSION = YES_AGGRESSIVE;
				CLANG_CXX_LANGUAGE_STANDARD = "gnu++14";
				CLANG_CXX_LIBRARY = "libc++";
				CLANG_ENABLE_MODULES = YES;
				CLANG_ENABLE_OBJC_ARC = YES;
				CLANG_ENABLE_OBJC_WEAK = YES;
				CLANG_WARN_BLOCK_CAPTURE_AUTORELEASING = YES;
				CLANG_WARN_BOOL_CONVERSION = YES;
				CLANG_WARN_COMMA = YES;
				CLANG_WARN_CONSTANT_CONVERSION = YES;
				CLANG_WARN_DEPRECATED_OBJC_IMPLEMENTATIONS = YES;
				CLANG_WARN_DIRECT_OBJC_ISA_USAGE = YES_ERROR;
				CLANG_WARN_DOCUMENTATION_COMMENTS = YES;
				CLANG_WARN_EMPTY_BODY = YES;
				CLANG_WARN_ENUM_CONVERSION = YES;
				CLANG_WARN_INFINITE_RECURSION = YES;
				CLANG_WARN_INT_CONVERSION = YES;
				CLANG_WARN_NON_LITERAL_NULL_CONVERSION = YES;
				CLANG_WARN_OBJC_IMPLICIT_RETAIN_SELF = YES;
				CLANG_WARN_OBJC_LITERAL_CONVERSION = YES;
				CLANG_WARN_OBJC_ROOT_CLASS = YES_ERROR;
				CLANG_WARN_RANGE_LOOP_ANALYSIS = YES;
				CLANG_WARN_STRICT_PROTOTYPES = YES;
				CLANG_WARN_SUSPICIOUS_MOVE = YES;
				CLANG_WARN_UNGUARDED_AVAILABILITY = YES_AGGRESSIVE;
				CLANG_WARN_UNREACHABLE_CODE = YES;
				CLANG_WARN__DUPLICATE_METHOD_MATCH = YES;
				CODE_SIGN_IDENTITY = "iPhone Developer";
				COPY_PHASE_STRIP = NO;
				DEBUG_INFORMATION_FORMAT = "dwarf-with-dsym";
				ENABLE_NS_ASSERTIONS = NO;
				ENABLE_STRICT_OBJC_MSGSEND = YES;
				GCC_C_LANGUAGE_STANDARD = gnu11;
				GCC_NO_COMMON_BLOCKS = YES;
				GCC_WARN_64_TO_32_BIT_CONVERSION = YES;
				GCC_WARN_ABOUT_RETURN_TYPE = YES_ERROR;
				GCC_WARN_UNDECLARED_SELECTOR = YES;
				GCC_WARN_UNINITIALIZED_AUTOS = YES_AGGRESSIVE;
				GCC_WARN_UNUSED_FUNCTION = YES;
				GCC_WARN_UNUSED_VARIABLE = YES;
				IPHONEOS_DEPLOYMENT_TARGET = 11.3;
				MTL_ENABLE_DEBUG_INFO = NO;
				SDKROOT = iphoneos;
				SWIFT_COMPILATION_MODE = wholemodule;
				SWIFT_OPTIMIZATION_LEVEL = "-O";
				VALIDATE_PRODUCT = YES;
			};
			name = Release;
		};
		3DDBBD5B2174CB3600796D05 /* Debug */ = {
			isa = XCBuildConfiguration;
			buildSettings = {
				ASSETCATALOG_COMPILER_APPICON_NAME = AppIcon;
				CODE_SIGN_STYLE = Automatic;
				DEVELOPMENT_TEAM = 9QD9Y49583;
				INFOPLIST_FILE = "$(SRCROOT)/imdbTestTask/Support files/Info.plist";
				LD_RUNPATH_SEARCH_PATHS = (
					"$(inherited)",
					"@executable_path/Frameworks",
				);
				PRODUCT_BUNDLE_IDENTIFIER = com.kechin.imdbTestTask;
				PRODUCT_NAME = "$(TARGET_NAME)";
				SWIFT_VERSION = 4.0;
				TARGETED_DEVICE_FAMILY = "1,2";
			};
			name = Debug;
		};
		3DDBBD5C2174CB3600796D05 /* Release */ = {
			isa = XCBuildConfiguration;
			buildSettings = {
				ASSETCATALOG_COMPILER_APPICON_NAME = AppIcon;
				CODE_SIGN_STYLE = Automatic;
				DEVELOPMENT_TEAM = 9QD9Y49583;
				INFOPLIST_FILE = "$(SRCROOT)/imdbTestTask/Support files/Info.plist";
				LD_RUNPATH_SEARCH_PATHS = (
					"$(inherited)",
					"@executable_path/Frameworks",
				);
				PRODUCT_BUNDLE_IDENTIFIER = com.kechin.imdbTestTask;
				PRODUCT_NAME = "$(TARGET_NAME)";
				SWIFT_VERSION = 4.0;
				TARGETED_DEVICE_FAMILY = "1,2";
			};
			name = Release;
		};
/* End XCBuildConfiguration section */

/* Begin XCConfigurationList section */
		3DDBBD432174CB3300796D05 /* Build configuration list for PBXProject "imdbTestTask" */ = {
			isa = XCConfigurationList;
			buildConfigurations = (
				3DDBBD582174CB3600796D05 /* Debug */,
				3DDBBD592174CB3600796D05 /* Release */,
			);
			defaultConfigurationIsVisible = 0;
			defaultConfigurationName = Release;
		};
		3DDBBD5A2174CB3600796D05 /* Build configuration list for PBXNativeTarget "imdbTestTask" */ = {
			isa = XCConfigurationList;
			buildConfigurations = (
				3DDBBD5B2174CB3600796D05 /* Debug */,
				3DDBBD5C2174CB3600796D05 /* Release */,
			);
			defaultConfigurationIsVisible = 0;
			defaultConfigurationName = Release;
		};
/* End XCConfigurationList section */
	};
	rootObject = 3DDBBD402174CB3300796D05 /* Project object */;
}
